
Microsoft Visual Studio Solution File, Format Version 12.00
# Visual Studio 14
VisualStudioVersion = 14.0.25420.1
MinimumVisualStudioVersion = 10.0.40219.1
Project("{FAE04EC0-301F-11D3-BF4B-00C04F79EFBC}") = "AlexaSkillsService", "AlexaSkillsService\AlexaSkillsService.csproj", "{FB700631-A966-4CED-A037-94C332795E0E}"
EndProject
Project("{FAE04EC0-301F-11D3-BF4B-00C04F79EFBC}") = "AlexaSkillsService.Data", "AlexaSkillsService.Data\AlexaSkillsService.Data.csproj", "{B46044C0-EBDA-4A7A-8479-B9ED63FCFDCB}"
EndProject
Project("{FAE04EC0-301F-11D3-BF4B-00C04F79EFBC}") = "AlexaSkillsService.ORM", "AlexaSkillsService.ORM\AlexaSkillsService.ORM.csproj", "{9EC83B22-2CD6-479B-8EA4-DE5CEB6C7005}"
EndProject
Project("{FAE04EC0-301F-11D3-BF4B-00C04F79EFBC}") = "AlexaSkillsService.Interfaces", "AlexaSkillsService.Interfaces\AlexaSkillsService.Interfaces.csproj", "{170A80CD-B4B4-4E0F-B96D-D5962DDA99EC}"
EndProject
Project("{FAE04EC0-301F-11D3-BF4B-00C04F79EFBC}") = "AlexaSkillsService.Models", "AlexaSkillsService.Models\AlexaSkillsService.Models.csproj", "{976A16DF-F1E1-464F-AC01-A8D02AB0D761}"
EndProject
Project("{FAE04EC0-301F-11D3-BF4B-00C04F79EFBC}") = "AlexaSkillsService.Common", "AlexaSkillsService.Common\AlexaSkillsService.Common.csproj", "{BE7B25AE-E3FA-4FBB-9F1E-8CB0C7DD8AF4}"
EndProject
Project("{FAE04EC0-301F-11D3-BF4B-00C04F79EFBC}") = "AlexaSkillsService.Tests", "AlexaSkillsService.Tests\AlexaSkillsService.Tests.csproj", "{C600C393-B7DB-4910-B804-B07F668C149C}"
EndProject
Project("{2150E333-8FDC-42A3-9474-1A3956D46DE8}") = "Solution Items", "Solution Items", "{333A696C-0933-4BFF-93C2-F62A264C40E0}"
	ProjectSection(SolutionItems) = preProject
		Narratives.txt = Narratives.txt
	EndProjectSection
EndProject
Global
	GlobalSection(SolutionConfigurationPlatforms) = preSolution
		Debug|Any CPU = Debug|Any CPU
		Release|Any CPU = Release|Any CPU
	EndGlobalSection
	GlobalSection(ProjectConfigurationPlatforms) = postSolution
		{FB700631-A966-4CED-A037-94C332795E0E}.Debug|Any CPU.ActiveCfg = Debug|Any CPU
		{FB700631-A966-4CED-A037-94C332795E0E}.Debug|Any CPU.Build.0 = Debug|Any CPU
		{FB700631-A966-4CED-A037-94C332795E0E}.Release|Any CPU.ActiveCfg = Release|Any CPU
		{FB700631-A966-4CED-A037-94C332795E0E}.Release|Any CPU.Build.0 = Release|Any CPU
		{B46044C0-EBDA-4A7A-8479-B9ED63FCFDCB}.Debug|Any CPU.ActiveCfg = Debug|Any CPU
		{B46044C0-EBDA-4A7A-8479-B9ED63FCFDCB}.Debug|Any CPU.Build.0 = Debug|Any CPU
		{B46044C0-EBDA-4A7A-8479-B9ED63FCFDCB}.Release|Any CPU.ActiveCfg = Release|Any CPU
		{B46044C0-EBDA-4A7A-8479-B9ED63FCFDCB}.Release|Any CPU.Build.0 = Release|Any CPU
		{9EC83B22-2CD6-479B-8EA4-DE5CEB6C7005}.Debug|Any CPU.ActiveCfg = Debug|Any CPU
		{9EC83B22-2CD6-479B-8EA4-DE5CEB6C7005}.Debug|Any CPU.Build.0 = Debug|Any CPU
		{9EC83B22-2CD6-479B-8EA4-DE5CEB6C7005}.Release|Any CPU.ActiveCfg = Release|Any CPU
		{9EC83B22-2CD6-479B-8EA4-DE5CEB6C7005}.Release|Any CPU.Build.0 = Release|Any CPU
		{170A80CD-B4B4-4E0F-B96D-D5962DDA99EC}.Debug|Any CPU.ActiveCfg = Debug|Any CPU
		{170A80CD-B4B4-4E0F-B96D-D5962DDA99EC}.Debug|Any CPU.Build.0 = Debug|Any CPU
		{170A80CD-B4B4-4E0F-B96D-D5962DDA99EC}.Release|Any CPU.ActiveCfg = Release|Any CPU
		{170A80CD-B4B4-4E0F-B96D-D5962DDA99EC}.Release|Any CPU.Build.0 = Release|Any CPU
		{976A16DF-F1E1-464F-AC01-A8D02AB0D761}.Debug|Any CPU.ActiveCfg = Debug|Any CPU
		{976A16DF-F1E1-464F-AC01-A8D02AB0D761}.Debug|Any CPU.Build.0 = Debug|Any CPU
		{976A16DF-F1E1-464F-AC01-A8D02AB0D761}.Release|Any CPU.ActiveCfg = Release|Any CPU
		{976A16DF-F1E1-464F-AC01-A8D02AB0D761}.Release|Any CPU.Build.0 = Release|Any CPU
		{BE7B25AE-E3FA-4FBB-9F1E-8CB0C7DD8AF4}.Debug|Any CPU.ActiveCfg = Debug|Any CPU
		{BE7B25AE-E3FA-4FBB-9F1E-8CB0C7DD8AF4}.Debug|Any CPU.Build.0 = Debug|Any CPU
		{BE7B25AE-E3FA-4FBB-9F1E-8CB0C7DD8AF4}.Release|Any CPU.ActiveCfg = Release|Any CPU
		{BE7B25AE-E3FA-4FBB-9F1E-8CB0C7DD8AF4}.Release|Any CPU.Build.0 = Release|Any CPU
		{C600C393-B7DB-4910-B804-B07F668C149C}.Debug|Any CPU.ActiveCfg = Debug|Any CPU
		{C600C393-B7DB-4910-B804-B07F668C149C}.Debug|Any CPU.Build.0 = Debug|Any CPU
		{C600C393-B7DB-4910-B804-B07F668C149C}.Release|Any CPU.ActiveCfg = Release|Any CPU
		{C600C393-B7DB-4910-B804-B07F668C149C}.Release|Any CPU.Build.0 = Release|Any CPU
	EndGlobalSection
	GlobalSection(SolutionProperties) = preSolution
		HideSolutionNode = FALSE
	EndGlobalSection
EndGlobal
